# THIS IS AN AUTOGENERATED FILE. DO NOT EDIT THIS FILE DIRECTLY.
# yarn lockfile v1


fullpage.js@^3.0.4:
  version "3.0.4"
  resolved "https://registry.yarnpkg.com/fullpage.js/-/fullpage.js-3.0.4.tgz#bb3eb1af7ecb5706866abf64ffc7b2535cec39b7"

materialize-css@next:
  version "1.0.0-rc.2"
  resolved "https://registry.yarnpkg.com/materialize-css/-/materialize-css-1.0.0-rc.2.tgz#b9e6b18f698c6ef77bb6b628d59147faf131eff5"
